[[package]]
name = "awslambdaric"
version = "2.0.4"
description = "AWS Lambda Runtime Interface Client for Python"
category = "main"
optional = false
python-versions = ">=3.6"

[package.dependencies]
simplejson = "3.17.2"

[[package]]
name = "simplejson"
version = "3.17.2"
description = "Simple, fast, extensible JSON encoder/decoder for Python"
category = "main"
optional = false
python-versions = ">=2.5, !=3.0.*, !=3.1.*, !=3.2.*"

[metadata]
lock-version = "1.1"
python-versions = "^3.10"
content-hash = "f48d75386d06b3de2a80d5515cb516855cbab71ee94f4fc2bbb588860f833797"

[metadata.files]
awslambdaric = [
    {file = "awslambdaric-2.0.4-cp310-cp310-manylinux_2_17_aarch64.manylinux2014_aarch64.whl", hash = "sha256:0e90053614f0e5e5d6d6ae6d164412ce95b5d549c6fb0f6ff4290d77c5e9d3e5"},
    {file = "awslambdaric-2.0.4-cp310-cp310-manylinux_2_17_x86_64.manylinux2014_x86_64.whl", hash = "sha256:bad98f2f94cecc90b89ac4e1d4feed96eb664e13c29b7ce232444cc9358e0d36"},
    {file = "awslambdaric-2.0.4-cp311-cp311-manylinux_2_17_aarch64.manylinux2014_aarch64.whl", hash = "sha256:11a365164efec105aa670259dfe473d9609da8f6f2e468790b2dfc24969bfff1"},
    {file = "awslambdaric-2.0.4-cp311-cp311-manylinux_2_17_x86_64.manylinux2014_x86_64.whl", hash = "sha256:fe76893a1b42bcee4c91c6456092d2a42455818756e8f62d50e8c5adb22fa9e7"},
    {file = "awslambdaric-2.0.4-cp36-cp36m-manylinux_2_17_aarch64.manylinux2014_aarch64.whl", hash = "sha256:2eb2fdb1ae0f84669d37f193f247fa115a282a7777e051ced3a33620d6280646"},
    {file = "awslambdaric-2.0.4-cp36-cp36m-manylinux_2_17_x86_64.manylinux2014_x86_64.whl", hash = "sha256:d64dcba8da9dbea62644133a48c75376a37bfe0f84096ad73bf7fc5b2eb31fc7"},
    {file = "awslambdaric-2.0.4-cp37-cp37m-manylinux_2_17_aarch64.manylinux2014_aarch64.whl", hash = "sha256:dc7072f642fdd215387d4921bbd5ac91b96a4a705bce5e7853622d09fe59f57d"},
    {file = "awslambdaric-2.0.4-cp37-cp37m-manylinux_2_17_x86_64.manylinux2014_x86_64.whl", hash = "sha256:676a741ad8f3aa27d651bcf3a2b83d5cee815f99c8b2b9abef3cb22ca7b29698"},
    {file = "awslambdaric-2.0.4-cp38-cp38-manylinux_2_17_aarch64.manylinux2014_aarch64.whl", hash = "sha256:d8f280b25d8a7ae6b6ff92a9bbc6567b984264be8ef3e0fcb0402a1247f6c75d"},
    {file = "awslambdaric-2.0.4-cp38-cp38-manylinux_2_17_x86_64.manylinux2014_x86_64.whl", hash = "sha256:38f8ae67ecb5b4e9f7fc42746ee39765dd7ddab359cb7e8ebfda1de0f0c0b059"},
    {file = "awslambdaric-2.0.4-cp39-cp39-manylinux_2_17_aarch64.manylinux2014_aarch64.whl", hash = "sha256:387b94cb0358662ae2b203f0aa2af25e80c6a2019a6b569f733ecd993a4f53d2"},
    {file = "awslambdaric-2.0.4-cp39-cp39-manylinux_2_17_x86_64.manylinux2014_x86_64.whl", hash = "sha256:63a82d21d66146b3fde7eb6086abd058b75bdcab4a02b02afe0e8e4a45edfb5b"},
    {file = "awslambdaric-2.0.4-pp37-pypy37_pp73-manylinux_2_17_aarch64.manylinux2014_aarch64.whl", hash = "sha256:059c7a66d4470169e01620d93f07424b80d302e3736cd11e68373f293a41e396"},
    {file = "awslambdaric-2.0.4-pp37-pypy37_pp73-manylinux_2_17_x86_64.manylinux2014_x86_64.whl", hash = "sha256:3fd0e1b3891987fa7ebb0c08d24c76af5fc17466f6efdfa9a59848dfb23930ec"},
    {file = "awslambdaric-2.0.4-pp38-pypy38_pp73-manylinux_2_17_aarch64.manylinux2014_aarch64.whl", hash = "sha256:9b0781bd41c20a2f2a0b018464a1daa376f663bd5eb7b0b6ba78f483681b1519"},
    {file = "awslambdaric-2.0.4-pp38-pypy38_pp73-manylinux_2_17_x86_64.manylinux2014_x86_64.whl", hash = "sha256:fbbd24446ce2f876335b178f04aa4ec7ec480afc0f9621ebfdd5f55ad4b7c06e"},
    {file = "awslambdaric-2.0.4-pp39-pypy39_pp73-manylinux_2_17_aarch64.manylinux2014_aarch64.whl", hash = "sha256:19da28e8c892b1c52a9db4d2b986af303932e3a4c4632eb0c5d5eb6a673c6022"},
    {file = "awslambdaric-2.0.4-pp39-pypy39_pp73-manylinux_2_17_x86_64.manylinux2014_x86_64.whl", hash = "sha256:2efff2292fc8f8484eb094ffd77808a67815353be898a7f0b33ce51b841af691"},
    {file = "awslambdaric-2.0.4.tar.gz", hash = "sha256:dad646f566aa7ec9b7179f16ca6741a2bea148abec6ed5947f86d00607e0a9a2"},
]
simplejson = [
    {file = "simplejson-3.17.2-cp27-cp27m-macosx_10_13_x86_64.whl", hash = "sha256:2d3eab2c3fe52007d703a26f71cf649a8c771fcdd949a3ae73041ba6797cfcf8"},
    {file = "simplejson-3.17.2-cp27-cp27m-manylinux1_i686.whl", hash = "sha256:813846738277729d7db71b82176204abc7fdae2f566e2d9fcf874f9b6472e3e6"},
    {file = "simplejson-3.17.2-cp27-cp27m-manylinux1_x86_64.whl", hash = "sha256:292c2e3f53be314cc59853bd20a35bf1f965f3bc121e007ab6fd526ed412a85d"},
    {file = "simplejson-3.17.2-cp27-cp27m-manylinux2010_i686.whl", hash = "sha256:0dd9d9c738cb008bfc0862c9b8fa6743495c03a0ed543884bf92fb7d30f8d043"},
    {file = "simplejson-3.17.2-cp27-cp27m-manylinux2010_x86_64.whl", hash = "sha256:42b8b8dd0799f78e067e2aaae97e60d58a8f63582939af60abce4c48631a0aa4"},
    {file = "simplejson-3.17.2-cp27-cp27m-win32.whl", hash = "sha256:8042040af86a494a23c189b5aa0ea9433769cc029707833f261a79c98e3375f9"},
    {file = "simplejson-3.17.2-cp27-cp27m-win_amd64.whl", hash = "sha256:034550078a11664d77bc1a8364c90bb7eef0e44c2dbb1fd0a4d92e3997088667"},
    {file = "simplejson-3.17.2-cp27-cp27mu-manylinux1_i686.whl", hash = "sha256:fed0f22bf1313ff79c7fc318f7199d6c2f96d4de3234b2f12a1eab350e597c06"},
    {file = "simplejson-3.17.2-cp27-cp27mu-manylinux1_x86_64.whl", hash = "sha256:2e7b57c2c146f8e4dadf84977a83f7ee50da17c8861fd7faf694d55e3274784f"},
    {file = "simplejson-3.17.2-cp27-cp27mu-manylinux2010_i686.whl", hash = "sha256:da3c55cdc66cfc3fffb607db49a42448785ea2732f055ac1549b69dcb392663b"},
    {file = "simplejson-3.17.2-cp27-cp27mu-manylinux2010_x86_64.whl", hash = "sha256:c1cb29b1fced01f97e6d5631c3edc2dadb424d1f4421dad079cb13fc97acb42f"},
    {file = "simplejson-3.17.2-cp33-cp33m-win32.whl", hash = "sha256:8f713ea65958ef40049b6c45c40c206ab363db9591ff5a49d89b448933fa5746"},
    {file = "simplejson-3.17.2-cp33-cp33m-win_amd64.whl", hash = "sha256:344e2d920a7f27b4023c087ab539877a1e39ce8e3e90b867e0bfa97829824748"},
    {file = "simplejson-3.17.2-cp34-cp34m-win32.whl", hash = "sha256:05b43d568300c1cd43f95ff4bfcff984bc658aa001be91efb3bb21df9d6288d3"},
    {file = "simplejson-3.17.2-cp34-cp34m-win_amd64.whl", hash = "sha256:cff6453e25204d3369c47b97dd34783ca820611bd334779d22192da23784194b"},
    {file = "simplejson-3.17.2-cp35-cp35m-manylinux1_i686.whl", hash = "sha256:8acf76443cfb5c949b6e781c154278c059b09ac717d2757a830c869ba000cf8d"},
    {file = "simplejson-3.17.2-cp35-cp35m-manylinux1_x86_64.whl", hash = "sha256:869a183c8e44bc03be1b2bbcc9ec4338e37fa8557fc506bf6115887c1d3bb956"},
    {file = "simplejson-3.17.2-cp35-cp35m-manylinux2010_i686.whl", hash = "sha256:5c659a0efc80aaaba57fcd878855c8534ecb655a28ac8508885c50648e6e659d"},
    {file = "simplejson-3.17.2-cp35-cp35m-manylinux2010_x86_64.whl", hash = "sha256:72d8a3ffca19a901002d6b068cf746be85747571c6a7ba12cbcf427bfb4ed971"},
    {file = "simplejson-3.17.2-cp35-cp35m-manylinux2014_aarch64.whl", hash = "sha256:4b3442249d5e3893b90cb9f72c7d6ce4d2ea144d2c0d9f75b9ae1e5460f3121a"},
    {file = "simplejson-3.17.2-cp35-cp35m-win32.whl", hash = "sha256:e058c7656c44fb494a11443191e381355388443d543f6fc1a245d5d238544396"},
    {file = "simplejson-3.17.2-cp35-cp35m-win_amd64.whl", hash = "sha256:934115642c8ba9659b402c8bdbdedb48651fb94b576e3b3efd1ccb079609b04a"},
    {file = "simplejson-3.17.2-cp36-cp36m-macosx_10_13_x86_64.whl", hash = "sha256:ffd4e4877a78c84d693e491b223385e0271278f5f4e1476a4962dca6824ecfeb"},
    {file = "simplejson-3.17.2-cp36-cp36m-manylinux1_i686.whl", hash = "sha256:10fc250c3edea4abc15d930d77274ddb8df4803453dde7ad50c2f5565a18a4bb"},
    {file = "simplejson-3.17.2-cp36-cp36m-manylinux1_x86_64.whl", hash = "sha256:76ac9605bf2f6d9b56abf6f9da9047a8782574ad3531c82eae774947ae99cc3f"},
    {file = "simplejson-3.17.2-cp36-cp36m-manylinux2010_i686.whl", hash = "sha256:7f10f8ba9c1b1430addc7dd385fc322e221559d3ae49b812aebf57470ce8de45"},
    {file = "simplejson-3.17.2-cp36-cp36m-manylinux2010_x86_64.whl", hash = "sha256:bc00d1210567a4cdd215ac6e17dc00cb9893ee521cee701adfd0fa43f7c73139"},
    {file = "simplejson-3.17.2-cp36-cp36m-manylinux2014_aarch64.whl", hash = "sha256:af4868da7dd53296cd7630687161d53a7ebe2e63814234631445697bd7c29f46"},
    {file = "simplejson-3.17.2-cp36-cp36m-win32.whl", hash = "sha256:7d276f69bfc8c7ba6c717ba8deaf28f9d3c8450ff0aa8713f5a3280e232be16b"},
    {file = "simplejson-3.17.2-cp36-cp36m-win_amd64.whl", hash = "sha256:a55c76254d7cf8d4494bc508e7abb993a82a192d0db4552421e5139235604625"},
    {file = "simplejson-3.17.2-cp37-cp37m-macosx_10_14_x86_64.whl", hash = "sha256:9a2b7543559f8a1c9ed72724b549d8cc3515da7daf3e79813a15bdc4a769de25"},
    {file = "simplejson-3.17.2-cp37-cp37m-manylinux1_i686.whl", hash = "sha256:311f5dc2af07361725033b13cc3d0351de3da8bede3397d45650784c3f21fbcf"},
    {file = "simplejson-3.17.2-cp37-cp37m-manylinux1_x86_64.whl", hash = "sha256:2862beabfb9097a745a961426fe7daf66e1714151da8bb9a0c430dde3d59c7c0"},
    {file = "simplejson-3.17.2-cp37-cp37m-manylinux2010_i686.whl", hash = "sha256:afebfc3dd3520d37056f641969ce320b071bc7a0800639c71877b90d053e087f"},
    {file = "simplejson-3.17.2-cp37-cp37m-manylinux2010_x86_64.whl", hash = "sha256:d4813b30cb62d3b63ccc60dd12f2121780c7a3068db692daeb90f989877aaf04"},
    {file = "simplejson-3.17.2-cp37-cp37m-manylinux2014_aarch64.whl", hash = "sha256:3fabde09af43e0cbdee407555383063f8b45bfb52c361bc5da83fcffdb4fd278"},
    {file = "simplejson-3.17.2-cp37-cp37m-win32.whl", hash = "sha256:ceaa28a5bce8a46a130cd223e895080e258a88d51bf6e8de2fc54a6ef7e38c34"},
    {file = "simplejson-3.17.2-cp37-cp37m-win_amd64.whl", hash = "sha256:9551f23e09300a9a528f7af20e35c9f79686d46d646152a0c8fc41d2d074d9b0"},
    {file = "simplejson-3.17.2-cp38-cp38-macosx_10_14_x86_64.whl", hash = "sha256:c94dc64b1a389a416fc4218cd4799aa3756f25940cae33530a4f7f2f54f166da"},
    {file = "simplejson-3.17.2-cp38-cp38-manylinux1_i686.whl", hash = "sha256:b59aa298137ca74a744c1e6e22cfc0bf9dca3a2f41f51bc92eb05695155d905a"},
    {file = "simplejson-3.17.2-cp38-cp38-manylinux1_x86_64.whl", hash = "sha256:ad8f41c2357b73bc9e8606d2fa226233bf4d55d85a8982ecdfd55823a6959995"},
    {file = "simplejson-3.17.2-cp38-cp38-manylinux2010_i686.whl", hash = "sha256:845a14f6deb124a3bcb98a62def067a67462a000e0508f256f9c18eff5847efc"},
    {file = "simplejson-3.17.2-cp38-cp38-manylinux2010_x86_64.whl", hash = "sha256:d0b64409df09edb4c365d95004775c988259efe9be39697d7315c42b7a5e7e94"},
    {file = "simplejson-3.17.2-cp38-cp38-manylinux2014_aarch64.whl", hash = "sha256:55d65f9cc1b733d85ef95ab11f559cce55c7649a2160da2ac7a078534da676c8"},
    {file = "simplejson-3.17.2.tar.gz", hash = "sha256:75ecc79f26d99222a084fbdd1ce5aad3ac3a8bd535cd9059528452da38b68841"},
]
